
Microsoft Visual Studio Solution File, Format Version 11.00
# Visual Studio 2010
Project("{FAE04EC0-301F-11D3-BF4B-00C04F79EFBC}") = "Assembly-CSharp", "Assembly-CSharp.csproj", "{8C293DBD-187D-F1B0-C214-50BEB5299F1C}"
EndProject
Project("{FAE04EC0-301F-11D3-BF4B-00C04F79EFBC}") = "Assembly-CSharp-Editor", "Assembly-CSharp-Editor.csproj", "{A871050A-00AA-CBE6-BD23-30BF3B2528F6}"
EndProject
Global
	GlobalSection(SolutionConfigurationPlatforms) = preSolution
		Debug|Any CPU = Debug|Any CPU
		Release|Any CPU = Release|Any CPU
	EndGlobalSection
	GlobalSection(ProjectConfigurationPlatforms) = postSolution
		{8C293DBD-187D-F1B0-C214-50BEB5299F1C}.Debug|Any CPU.ActiveCfg = Debug|Any CPU
		{8C293DBD-187D-F1B0-C214-50BEB5299F1C}.Debug|Any CPU.Build.0 = Debug|Any CPU
		{8C293DBD-187D-F1B0-C214-50BEB5299F1C}.Release|Any CPU.ActiveCfg = Release|Any CPU
		{8C293DBD-187D-F1B0-C214-50BEB5299F1C}.Release|Any CPU.Build.0 = Release|Any CPU
		{A871050A-00AA-CBE6-BD23-30BF3B2528F6}.Debug|Any CPU.ActiveCfg = Debug|Any CPU
		{A871050A-00AA-CBE6-BD23-30BF3B2528F6}.Debug|Any CPU.Build.0 = Debug|Any CPU
		{A871050A-00AA-CBE6-BD23-30BF3B2528F6}.Release|Any CPU.ActiveCfg = Release|Any CPU
		{A871050A-00AA-CBE6-BD23-30BF3B2528F6}.Release|Any CPU.Build.0 = Release|Any CPU
	EndGlobalSection
	GlobalSection(SolutionProperties) = preSolution
		HideSolutionNode = FALSE
	EndGlobalSection
	GlobalSection(MonoDevelopProperties) = preSolution
		StartupItem = Assembly-CSharp.csproj
	EndGlobalSection
EndGlobal
